
Microsoft Visual Studio Solution File, Format Version 12.00
# Visual Studio Version 17
VisualStudioVersion = 17.0.32112.339
MinimumVisualStudioVersion = 10.0.40219.1
Project("{FAE04EC0-301F-11D3-BF4B-00C04F79EFBC}") = "CleanArchMvc.Domain", "CleanArchMvc.Domain\CleanArchMvc.Domain.csproj", "{A4FB2AFD-2A1F-4556-AF2E-1B90831D9638}"
EndProject
Project("{FAE04EC0-301F-11D3-BF4B-00C04F79EFBC}") = "CleanArchMvc.Application", "CleanArchMvc.Application\CleanArchMvc.Application.csproj", "{B31E299F-8319-4F61-8159-1FE60EA67775}"
EndProject
Project("{FAE04EC0-301F-11D3-BF4B-00C04F79EFBC}") = "CleanArchMvc.Infra.Data", "CleanArchMvc.Infra.Data\CleanArchMvc.Infra.Data.csproj", "{01248345-37D5-432D-96C5-6B16D68A6BBF}"
EndProject
Project("{FAE04EC0-301F-11D3-BF4B-00C04F79EFBC}") = "CleanArchMvc.Infra.IoC", "CleanArchMvc.Infra.IoC\CleanArchMvc.Infra.IoC.csproj", "{15FE44A6-781D-4C6C-B840-750D60E316C9}"
EndProject
Project("{FAE04EC0-301F-11D3-BF4B-00C04F79EFBC}") = "CleanArchMvc.WebUI", "CleanArchMvc.WebUI\CleanArchMvc.WebUI.csproj", "{71B17166-FA5E-4286-8036-CA0891E0803F}"
EndProject
Global
	GlobalSection(SolutionConfigurationPlatforms) = preSolution
		Debug|Any CPU = Debug|Any CPU
		Release|Any CPU = Release|Any CPU
	EndGlobalSection
	GlobalSection(ProjectConfigurationPlatforms) = postSolution
		{A4FB2AFD-2A1F-4556-AF2E-1B90831D9638}.Debug|Any CPU.ActiveCfg = Debug|Any CPU
		{A4FB2AFD-2A1F-4556-AF2E-1B90831D9638}.Debug|Any CPU.Build.0 = Debug|Any CPU
		{A4FB2AFD-2A1F-4556-AF2E-1B90831D9638}.Release|Any CPU.ActiveCfg = Release|Any CPU
		{A4FB2AFD-2A1F-4556-AF2E-1B90831D9638}.Release|Any CPU.Build.0 = Release|Any CPU
		{B31E299F-8319-4F61-8159-1FE60EA67775}.Debug|Any CPU.ActiveCfg = Debug|Any CPU
		{B31E299F-8319-4F61-8159-1FE60EA67775}.Debug|Any CPU.Build.0 = Debug|Any CPU
		{B31E299F-8319-4F61-8159-1FE60EA67775}.Release|Any CPU.ActiveCfg = Release|Any CPU
		{B31E299F-8319-4F61-8159-1FE60EA67775}.Release|Any CPU.Build.0 = Release|Any CPU
		{01248345-37D5-432D-96C5-6B16D68A6BBF}.Debug|Any CPU.ActiveCfg = Debug|Any CPU
		{01248345-37D5-432D-96C5-6B16D68A6BBF}.Debug|Any CPU.Build.0 = Debug|Any CPU
		{01248345-37D5-432D-96C5-6B16D68A6BBF}.Release|Any CPU.ActiveCfg = Release|Any CPU
		{01248345-37D5-432D-96C5-6B16D68A6BBF}.Release|Any CPU.Build.0 = Release|Any CPU
		{15FE44A6-781D-4C6C-B840-750D60E316C9}.Debug|Any CPU.ActiveCfg = Debug|Any CPU
		{15FE44A6-781D-4C6C-B840-750D60E316C9}.Debug|Any CPU.Build.0 = Debug|Any CPU
		{15FE44A6-781D-4C6C-B840-750D60E316C9}.Release|Any CPU.ActiveCfg = Release|Any CPU
		{15FE44A6-781D-4C6C-B840-750D60E316C9}.Release|Any CPU.Build.0 = Release|Any CPU
		{71B17166-FA5E-4286-8036-CA0891E0803F}.Debug|Any CPU.ActiveCfg = Debug|Any CPU
		{71B17166-FA5E-4286-8036-CA0891E0803F}.Debug|Any CPU.Build.0 = Debug|Any CPU
		{71B17166-FA5E-4286-8036-CA0891E0803F}.Release|Any CPU.ActiveCfg = Release|Any CPU
		{71B17166-FA5E-4286-8036-CA0891E0803F}.Release|Any CPU.Build.0 = Release|Any CPU
	EndGlobalSection
	GlobalSection(SolutionProperties) = preSolution
		HideSolutionNode = FALSE
	EndGlobalSection
	GlobalSection(ExtensibilityGlobals) = postSolution
		SolutionGuid = {7C442E0C-64CE-4A75-A341-E37960462D72}
	EndGlobalSection
EndGlobal
